<?xml version="1.0" encoding="utf-8"?>
<Project ToolsVersion="4.0" xmlns="http://schemas.microsoft.com/developer/msbuild/2003">
  <ItemGroup>
    <Filter Include="소스 파일">
      <UniqueIdentifier>{4FC737F1-C7A5-4376-A066-2A32D752A2FF}</UniqueIdentifier>
      <Extensions>cpp;c;cc;cxx;def;odl;idl;hpj;bat;asm;asmx</Extensions>
    </Filter>
    <Filter Include="헤더 파일">
      <UniqueIdentifier>{93995380-89BD-4b04-88EB-625FBE52EBFB}</UniqueIdentifier>
      <Extensions>h;hh;hpp;hxx;hm;inl;inc;ipp;xsd</Extensions>
    </Filter>
    <Filter Include="리소스 파일">
      <UniqueIdentifier>{67DA6AB6-F800-4c08-8B7A-83BB121AAD01}</UniqueIdentifier>
      <Extensions>rc;ico;cur;bmp;dlg;rc2;rct;bin;rgs;gif;jpg;jpeg;jpe;resx;tiff;tif;png;wav;mfcribbon-ms</Extensions>
    </Filter>
    <Filter Include="소스 파일\설계 패러다임">
      <UniqueIdentifier>{31d11656-5e1a-4e1c-bde6-de3656b60414}</UniqueIdentifier>
    </Filter>
    <Filter Include="소스 파일\설계 패러다임\무식하게 풀기%28완전 탐색%29">
      <UniqueIdentifier>{d872b08b-fb73-4bd2-a235-dbe997bae79d}</UniqueIdentifier>
    </Filter>
    <Filter Include="소스 파일\설계 패러다임\분할 정복">
      <UniqueIdentifier>{691c4320-714f-4d1c-84b5-d44388dc36fa}</UniqueIdentifier>
    </Filter>
  </ItemGroup>
  <ItemGroup>
    <ClCompile Include="recursionTest.cpp">
      <Filter>소스 파일\설계 패러다임\무식하게 풀기%28완전 탐색%29</Filter>
    </ClCompile>
    <ClCompile Include="PICNIC.cpp">
      <Filter>소스 파일\설계 패러다임\무식하게 풀기%28완전 탐색%29</Filter>
    </ClCompile>
    <ClCompile Include="QUADTREE.cpp">
      <Filter>소스 파일\설계 패러다임\분할 정복</Filter>
    </ClCompile>
    <ClCompile Include="BOARDCOVER.cpp">
      <Filter>소스 파일\설계 패러다임\무식하게 풀기%28완전 탐색%29</Filter>
    </ClCompile>
  </ItemGroup>
</Project>